{
  "requires": true,
  "lockfileVersion": 1,
  "dependencies": {
    "@interactjs/types": {
      "version": "1.10.3",
      "resolved": "https://registry.npmjs.org/@interactjs/types/-/types-1.10.3.tgz",
      "integrity": "sha512-O4j/Iq8Xko0cv4WfNFMciVVSw1xROXaegd1hwZVCliuIA70b59iU++i3SyzygV4ZT1MuLjqtSUd0kHm5va+a8A=="
    },
    "interactjs": {
      "version": "1.10.3",
      "resolved": "https://registry.npmjs.org/interactjs/-/interactjs-1.10.3.tgz",
      "integrity": "sha512-7YNmQmZLsl6ibptkHNtcMqzEGdtNGycRW9Hyhu+LKmoN6QqSZgBGXFn3UeFKBV6YpKqbMwaPd/G8FojTQ0kgQw==",
      "requires": {
        "@interactjs/types": "1.10.3"
      }
    }
  }
}
